
Microsoft Visual Studio Solution File, Format Version 12.00
# Visual Studio 14
VisualStudioVersion = 14.0.25420.1
MinimumVisualStudioVersion = 10.0.40219.1
Project("{2150E333-8FDC-42A3-9474-1A3956D46DE8}") = "GCJ_2017", "GCJ_2017", "{9036DFE0-C3AE-488F-8044-CD820748CF9B}"
EndProject
Project("{2150E333-8FDC-42A3-9474-1A3956D46DE8}") = "GCJ_2016", "GCJ_2016", "{0035A30F-2694-4EF1-9121-FF177CFFA1F0}"
EndProject
Project("{8BC9CEB8-8B4A-11D0-8D11-00A0C91BC942}") = "GCJ_2017_QR_A", "GCJ_2017_QR_A\GCJ_2017_QR_A.vcxproj", "{87EBB90E-FCF1-4BA7-87D3-7DD7D7B9B745}"
EndProject
Project("{8BC9CEB8-8B4A-11D0-8D11-00A0C91BC942}") = "GCJ_2017_QR_B", "GCJ_2017_QR_B\GCJ_2017_QR_B.vcxproj", "{45CE79E1-ED86-4570-BF7E-5C28D27515E3}"
EndProject
Project("{8BC9CEB8-8B4A-11D0-8D11-00A0C91BC942}") = "GCJ_2017_QR_C", "GCJ_2017_QR_C\GCJ_2017_QR_C.vcxproj", "{A4F2F107-E69B-4277-BA77-E77599150967}"
EndProject
Project("{8BC9CEB8-8B4A-11D0-8D11-00A0C91BC942}") = "GCJ_2017_QR_D", "GCJ_2017_QR_D\GCJ_2017_QR_D.vcxproj", "{7BB53BED-D478-4EA5-90C0-B2EC978BD6EE}"
EndProject
Project("{2150E333-8FDC-42A3-9474-1A3956D46DE8}") = "GCJ_2015", "GCJ_2015", "{B3BDA781-EA9D-404C-B03F-2E48E2902F3C}"
EndProject
Project("{8BC9CEB8-8B4A-11D0-8D11-00A0C91BC942}") = "GCJ_2015_1A_A", "GCJ_2015_1A_A\GCJ_2015_1A_A.vcxproj", "{8F66CE1D-A562-458E-9502-4DDD75BD7E6A}"
EndProject
Project("{8BC9CEB8-8B4A-11D0-8D11-00A0C91BC942}") = "GCJ_2015_1A_B", "GCJ_2015_1A_B\GCJ_2015_1A_B.vcxproj", "{99978B88-4169-417E-BA59-5489355E652A}"
EndProject
Project("{8BC9CEB8-8B4A-11D0-8D11-00A0C91BC942}") = "GCJ_2015_1A_C", "GCJ_2015_1A_C\GCJ_2015_1A_C.vcxproj", "{AA0882AB-DDDE-43FC-993C-09BA2807DD4E}"
EndProject
Project("{8BC9CEB8-8B4A-11D0-8D11-00A0C91BC942}") = "GCJ_2016_1A_A", "GCJ_2016_1A_A\GCJ_2016_1A_A.vcxproj", "{E9E6B094-1FE7-4C28-BADD-8DEAEB05772A}"
EndProject
Project("{8BC9CEB8-8B4A-11D0-8D11-00A0C91BC942}") = "GCJ_2016_1A_B", "GCJ_2016_1A_B\GCJ_2016_1A_B.vcxproj", "{EC879989-1A27-452A-A199-70D0E0F6D039}"
EndProject
Project("{8BC9CEB8-8B4A-11D0-8D11-00A0C91BC942}") = "GCJ_2017_1A_A", "GCJ_2017_1A_A\GCJ_2017_1A_A.vcxproj", "{4929AB3F-A7C2-4811-92B7-1FCBF81DA390}"
EndProject
Project("{8BC9CEB8-8B4A-11D0-8D11-00A0C91BC942}") = "GCJ_2017_1A_B", "GCJ_2017_1A_B\GCJ_2017_1A_B.vcxproj", "{0C8C56D5-8801-418D-87E7-E59D45DBABF0}"
EndProject
Project("{8BC9CEB8-8B4A-11D0-8D11-00A0C91BC942}") = "GCJ_2017_1A_C", "GCJ_2017_1A_C\GCJ_2017_1A_C.vcxproj", "{2C17F0F2-5628-4595-8CD8-8201FAECEB72}"
EndProject
Project("{8BC9CEB8-8B4A-11D0-8D11-00A0C91BC942}") = "GCJ_2017_1B_A", "GCJ_2017_1B_A\GCJ_2017_1B_A.vcxproj", "{4FA9DC7B-77E0-4A8D-B798-CB3A79B68EDE}"
EndProject
Project("{8BC9CEB8-8B4A-11D0-8D11-00A0C91BC942}") = "GCJ_2017_1B_B", "GCJ_2017_1B_B\GCJ_2017_1B_B.vcxproj", "{30419338-4BD3-415C-A7DD-DF9D10BDA535}"
EndProject
Project("{8BC9CEB8-8B4A-11D0-8D11-00A0C91BC942}") = "GCJ_2017_1B_C", "GCJ_2017_1B_C\GCJ_2017_1B_C.vcxproj", "{7493613E-05D1-4CE7-B1D4-62093E59ED3A}"
EndProject
Project("{8BC9CEB8-8B4A-11D0-8D11-00A0C91BC942}") = "GCJ_2017_1C_A", "GCJ_2017_1C_A\GCJ_2017_1C_A.vcxproj", "{64FAF41C-AA07-4DAE-ADD3-265E61DB5268}"
EndProject
Project("{8BC9CEB8-8B4A-11D0-8D11-00A0C91BC942}") = "GCJ_2017_1C_B", "GCJ_2017_1C_B\GCJ_2017_1C_B.vcxproj", "{ACAE0BFC-297D-44A3-AB5C-B295452DF134}"
EndProject
Project("{8BC9CEB8-8B4A-11D0-8D11-00A0C91BC942}") = "GCJ_2017_1C_C", "GCJ_2017_1C_C\GCJ_2017_1C_C.vcxproj", "{38D3AE1B-A412-46C6-A712-5C79FE264F90}"
EndProject
Project("{8BC9CEB8-8B4A-11D0-8D11-00A0C91BC942}") = "GCJ_2017_QR_B_big", "GCJ_2017_QR_B_big\GCJ_2017_QR_B_big.vcxproj", "{853D72BE-9645-4D35-A2F1-066C11763ADA}"
EndProject
Project("{8BC9CEB8-8B4A-11D0-8D11-00A0C91BC942}") = "GCJ_2017_QR_C_big", "GCJ_2017_QR_C_big\GCJ_2017_QR_C_big.vcxproj", "{F6EA8298-0FFB-4B45-A163-7E368A3707EB}"
EndProject
Project("{8BC9CEB8-8B4A-11D0-8D11-00A0C91BC942}") = "GCJ_2017_1B_A_big", "GCJ_2017_1B_A_big\GCJ_2017_1B_A_big.vcxproj", "{27BC2D20-31DA-4719-879A-6408E8DAE5A0}"
EndProject
Project("{8BC9CEB8-8B4A-11D0-8D11-00A0C91BC942}") = "GCJ_2016_1C_A", "GCJ_2016_1C_A\GCJ_2016_1C_A.vcxproj", "{93C6ED55-B28E-4D6E-AAFB-67EAF563D864}"
EndProject
Global
	GlobalSection(SolutionConfigurationPlatforms) = preSolution
		Debug|x64 = Debug|x64
		Debug|x86 = Debug|x86
		Release|x64 = Release|x64
		Release|x86 = Release|x86
	EndGlobalSection
	GlobalSection(ProjectConfigurationPlatforms) = postSolution
		{87EBB90E-FCF1-4BA7-87D3-7DD7D7B9B745}.Debug|x64.ActiveCfg = Debug|x64
		{87EBB90E-FCF1-4BA7-87D3-7DD7D7B9B745}.Debug|x64.Build.0 = Debug|x64
		{87EBB90E-FCF1-4BA7-87D3-7DD7D7B9B745}.Debug|x86.ActiveCfg = Debug|Win32
		{87EBB90E-FCF1-4BA7-87D3-7DD7D7B9B745}.Debug|x86.Build.0 = Debug|Win32
		{87EBB90E-FCF1-4BA7-87D3-7DD7D7B9B745}.Release|x64.ActiveCfg = Release|x64
		{87EBB90E-FCF1-4BA7-87D3-7DD7D7B9B745}.Release|x64.Build.0 = Release|x64
		{87EBB90E-FCF1-4BA7-87D3-7DD7D7B9B745}.Release|x86.ActiveCfg = Release|Win32
		{87EBB90E-FCF1-4BA7-87D3-7DD7D7B9B745}.Release|x86.Build.0 = Release|Win32
		{45CE79E1-ED86-4570-BF7E-5C28D27515E3}.Debug|x64.ActiveCfg = Debug|x64
		{45CE79E1-ED86-4570-BF7E-5C28D27515E3}.Debug|x64.Build.0 = Debug|x64
		{45CE79E1-ED86-4570-BF7E-5C28D27515E3}.Debug|x86.ActiveCfg = Debug|Win32
		{45CE79E1-ED86-4570-BF7E-5C28D27515E3}.Debug|x86.Build.0 = Debug|Win32
		{45CE79E1-ED86-4570-BF7E-5C28D27515E3}.Release|x64.ActiveCfg = Release|x64
		{45CE79E1-ED86-4570-BF7E-5C28D27515E3}.Release|x64.Build.0 = Release|x64
		{45CE79E1-ED86-4570-BF7E-5C28D27515E3}.Release|x86.ActiveCfg = Release|Win32
		{45CE79E1-ED86-4570-BF7E-5C28D27515E3}.Release|x86.Build.0 = Release|Win32
		{A4F2F107-E69B-4277-BA77-E77599150967}.Debug|x64.ActiveCfg = Debug|x64
		{A4F2F107-E69B-4277-BA77-E77599150967}.Debug|x64.Build.0 = Debug|x64
		{A4F2F107-E69B-4277-BA77-E77599150967}.Debug|x86.ActiveCfg = Debug|Win32
		{A4F2F107-E69B-4277-BA77-E77599150967}.Debug|x86.Build.0 = Debug|Win32
		{A4F2F107-E69B-4277-BA77-E77599150967}.Release|x64.ActiveCfg = Release|x64
		{A4F2F107-E69B-4277-BA77-E77599150967}.Release|x64.Build.0 = Release|x64
		{A4F2F107-E69B-4277-BA77-E77599150967}.Release|x86.ActiveCfg = Release|Win32
		{A4F2F107-E69B-4277-BA77-E77599150967}.Release|x86.Build.0 = Release|Win32
		{7BB53BED-D478-4EA5-90C0-B2EC978BD6EE}.Debug|x64.ActiveCfg = Debug|x64
		{7BB53BED-D478-4EA5-90C0-B2EC978BD6EE}.Debug|x64.Build.0 = Debug|x64
		{7BB53BED-D478-4EA5-90C0-B2EC978BD6EE}.Debug|x86.ActiveCfg = Debug|Win32
		{7BB53BED-D478-4EA5-90C0-B2EC978BD6EE}.Debug|x86.Build.0 = Debug|Win32
		{7BB53BED-D478-4EA5-90C0-B2EC978BD6EE}.Release|x64.ActiveCfg = Release|x64
		{7BB53BED-D478-4EA5-90C0-B2EC978BD6EE}.Release|x64.Build.0 = Release|x64
		{7BB53BED-D478-4EA5-90C0-B2EC978BD6EE}.Release|x86.ActiveCfg = Release|Win32
		{7BB53BED-D478-4EA5-90C0-B2EC978BD6EE}.Release|x86.Build.0 = Release|Win32
		{8F66CE1D-A562-458E-9502-4DDD75BD7E6A}.Debug|x64.ActiveCfg = Debug|x64
		{8F66CE1D-A562-458E-9502-4DDD75BD7E6A}.Debug|x64.Build.0 = Debug|x64
		{8F66CE1D-A562-458E-9502-4DDD75BD7E6A}.Debug|x86.ActiveCfg = Debug|Win32
		{8F66CE1D-A562-458E-9502-4DDD75BD7E6A}.Debug|x86.Build.0 = Debug|Win32
		{8F66CE1D-A562-458E-9502-4DDD75BD7E6A}.Release|x64.ActiveCfg = Release|x64
		{8F66CE1D-A562-458E-9502-4DDD75BD7E6A}.Release|x64.Build.0 = Release|x64
		{8F66CE1D-A562-458E-9502-4DDD75BD7E6A}.Release|x86.ActiveCfg = Release|Win32
		{8F66CE1D-A562-458E-9502-4DDD75BD7E6A}.Release|x86.Build.0 = Release|Win32
		{99978B88-4169-417E-BA59-5489355E652A}.Debug|x64.ActiveCfg = Debug|x64
		{99978B88-4169-417E-BA59-5489355E652A}.Debug|x64.Build.0 = Debug|x64
		{99978B88-4169-417E-BA59-5489355E652A}.Debug|x86.ActiveCfg = Debug|Win32
		{99978B88-4169-417E-BA59-5489355E652A}.Debug|x86.Build.0 = Debug|Win32
		{99978B88-4169-417E-BA59-5489355E652A}.Release|x64.ActiveCfg = Release|x64
		{99978B88-4169-417E-BA59-5489355E652A}.Release|x64.Build.0 = Release|x64
		{99978B88-4169-417E-BA59-5489355E652A}.Release|x86.ActiveCfg = Release|Win32
		{99978B88-4169-417E-BA59-5489355E652A}.Release|x86.Build.0 = Release|Win32
		{AA0882AB-DDDE-43FC-993C-09BA2807DD4E}.Debug|x64.ActiveCfg = Debug|x64
		{AA0882AB-DDDE-43FC-993C-09BA2807DD4E}.Debug|x64.Build.0 = Debug|x64
		{AA0882AB-DDDE-43FC-993C-09BA2807DD4E}.Debug|x86.ActiveCfg = Debug|Win32
		{AA0882AB-DDDE-43FC-993C-09BA2807DD4E}.Debug|x86.Build.0 = Debug|Win32
		{AA0882AB-DDDE-43FC-993C-09BA2807DD4E}.Release|x64.ActiveCfg = Release|x64
		{AA0882AB-DDDE-43FC-993C-09BA2807DD4E}.Release|x64.Build.0 = Release|x64
		{AA0882AB-DDDE-43FC-993C-09BA2807DD4E}.Release|x86.ActiveCfg = Release|Win32
		{AA0882AB-DDDE-43FC-993C-09BA2807DD4E}.Release|x86.Build.0 = Release|Win32
		{E9E6B094-1FE7-4C28-BADD-8DEAEB05772A}.Debug|x64.ActiveCfg = Debug|x64
		{E9E6B094-1FE7-4C28-BADD-8DEAEB05772A}.Debug|x64.Build.0 = Debug|x64
		{E9E6B094-1FE7-4C28-BADD-8DEAEB05772A}.Debug|x86.ActiveCfg = Debug|Win32
		{E9E6B094-1FE7-4C28-BADD-8DEAEB05772A}.Debug|x86.Build.0 = Debug|Win32
		{E9E6B094-1FE7-4C28-BADD-8DEAEB05772A}.Release|x64.ActiveCfg = Release|x64
		{E9E6B094-1FE7-4C28-BADD-8DEAEB05772A}.Release|x64.Build.0 = Release|x64
		{E9E6B094-1FE7-4C28-BADD-8DEAEB05772A}.Release|x86.ActiveCfg = Release|Win32
		{E9E6B094-1FE7-4C28-BADD-8DEAEB05772A}.Release|x86.Build.0 = Release|Win32
		{EC879989-1A27-452A-A199-70D0E0F6D039}.Debug|x64.ActiveCfg = Debug|x64
		{EC879989-1A27-452A-A199-70D0E0F6D039}.Debug|x64.Build.0 = Debug|x64
		{EC879989-1A27-452A-A199-70D0E0F6D039}.Debug|x86.ActiveCfg = Debug|Win32
		{EC879989-1A27-452A-A199-70D0E0F6D039}.Debug|x86.Build.0 = Debug|Win32
		{EC879989-1A27-452A-A199-70D0E0F6D039}.Release|x64.ActiveCfg = Release|x64
		{EC879989-1A27-452A-A199-70D0E0F6D039}.Release|x64.Build.0 = Release|x64
		{EC879989-1A27-452A-A199-70D0E0F6D039}.Release|x86.ActiveCfg = Release|Win32
		{EC879989-1A27-452A-A199-70D0E0F6D039}.Release|x86.Build.0 = Release|Win32
		{4929AB3F-A7C2-4811-92B7-1FCBF81DA390}.Debug|x64.ActiveCfg = Debug|x64
		{4929AB3F-A7C2-4811-92B7-1FCBF81DA390}.Debug|x64.Build.0 = Debug|x64
		{4929AB3F-A7C2-4811-92B7-1FCBF81DA390}.Debug|x86.ActiveCfg = Debug|Win32
		{4929AB3F-A7C2-4811-92B7-1FCBF81DA390}.Debug|x86.Build.0 = Debug|Win32
		{4929AB3F-A7C2-4811-92B7-1FCBF81DA390}.Release|x64.ActiveCfg = Release|x64
		{4929AB3F-A7C2-4811-92B7-1FCBF81DA390}.Release|x64.Build.0 = Release|x64
		{4929AB3F-A7C2-4811-92B7-1FCBF81DA390}.Release|x86.ActiveCfg = Release|Win32
		{4929AB3F-A7C2-4811-92B7-1FCBF81DA390}.Release|x86.Build.0 = Release|Win32
		{0C8C56D5-8801-418D-87E7-E59D45DBABF0}.Debug|x64.ActiveCfg = Debug|x64
		{0C8C56D5-8801-418D-87E7-E59D45DBABF0}.Debug|x64.Build.0 = Debug|x64
		{0C8C56D5-8801-418D-87E7-E59D45DBABF0}.Debug|x86.ActiveCfg = Debug|Win32
		{0C8C56D5-8801-418D-87E7-E59D45DBABF0}.Debug|x86.Build.0 = Debug|Win32
		{0C8C56D5-8801-418D-87E7-E59D45DBABF0}.Release|x64.ActiveCfg = Release|x64
		{0C8C56D5-8801-418D-87E7-E59D45DBABF0}.Release|x64.Build.0 = Release|x64
		{0C8C56D5-8801-418D-87E7-E59D45DBABF0}.Release|x86.ActiveCfg = Release|Win32
		{0C8C56D5-8801-418D-87E7-E59D45DBABF0}.Release|x86.Build.0 = Release|Win32
		{2C17F0F2-5628-4595-8CD8-8201FAECEB72}.Debug|x64.ActiveCfg = Debug|x64
		{2C17F0F2-5628-4595-8CD8-8201FAECEB72}.Debug|x64.Build.0 = Debug|x64
		{2C17F0F2-5628-4595-8CD8-8201FAECEB72}.Debug|x86.ActiveCfg = Debug|Win32
		{2C17F0F2-5628-4595-8CD8-8201FAECEB72}.Debug|x86.Build.0 = Debug|Win32
		{2C17F0F2-5628-4595-8CD8-8201FAECEB72}.Release|x64.ActiveCfg = Release|x64
		{2C17F0F2-5628-4595-8CD8-8201FAECEB72}.Release|x64.Build.0 = Release|x64
		{2C17F0F2-5628-4595-8CD8-8201FAECEB72}.Release|x86.ActiveCfg = Release|Win32
		{2C17F0F2-5628-4595-8CD8-8201FAECEB72}.Release|x86.Build.0 = Release|Win32
		{4FA9DC7B-77E0-4A8D-B798-CB3A79B68EDE}.Debug|x64.ActiveCfg = Debug|x64
		{4FA9DC7B-77E0-4A8D-B798-CB3A79B68EDE}.Debug|x64.Build.0 = Debug|x64
		{4FA9DC7B-77E0-4A8D-B798-CB3A79B68EDE}.Debug|x86.ActiveCfg = Debug|Win32
		{4FA9DC7B-77E0-4A8D-B798-CB3A79B68EDE}.Debug|x86.Build.0 = Debug|Win32
		{4FA9DC7B-77E0-4A8D-B798-CB3A79B68EDE}.Release|x64.ActiveCfg = Release|x64
		{4FA9DC7B-77E0-4A8D-B798-CB3A79B68EDE}.Release|x64.Build.0 = Release|x64
		{4FA9DC7B-77E0-4A8D-B798-CB3A79B68EDE}.Release|x86.ActiveCfg = Release|Win32
		{4FA9DC7B-77E0-4A8D-B798-CB3A79B68EDE}.Release|x86.Build.0 = Release|Win32
		{30419338-4BD3-415C-A7DD-DF9D10BDA535}.Debug|x64.ActiveCfg = Debug|x64
		{30419338-4BD3-415C-A7DD-DF9D10BDA535}.Debug|x64.Build.0 = Debug|x64
		{30419338-4BD3-415C-A7DD-DF9D10BDA535}.Debug|x86.ActiveCfg = Debug|Win32
		{30419338-4BD3-415C-A7DD-DF9D10BDA535}.Debug|x86.Build.0 = Debug|Win32
		{30419338-4BD3-415C-A7DD-DF9D10BDA535}.Release|x64.ActiveCfg = Release|x64
		{30419338-4BD3-415C-A7DD-DF9D10BDA535}.Release|x64.Build.0 = Release|x64
		{30419338-4BD3-415C-A7DD-DF9D10BDA535}.Release|x86.ActiveCfg = Release|Win32
		{30419338-4BD3-415C-A7DD-DF9D10BDA535}.Release|x86.Build.0 = Release|Win32
		{7493613E-05D1-4CE7-B1D4-62093E59ED3A}.Debug|x64.ActiveCfg = Debug|x64
		{7493613E-05D1-4CE7-B1D4-62093E59ED3A}.Debug|x64.Build.0 = Debug|x64
		{7493613E-05D1-4CE7-B1D4-62093E59ED3A}.Debug|x86.ActiveCfg = Debug|Win32
		{7493613E-05D1-4CE7-B1D4-62093E59ED3A}.Debug|x86.Build.0 = Debug|Win32
		{7493613E-05D1-4CE7-B1D4-62093E59ED3A}.Release|x64.ActiveCfg = Release|x64
		{7493613E-05D1-4CE7-B1D4-62093E59ED3A}.Release|x64.Build.0 = Release|x64
		{7493613E-05D1-4CE7-B1D4-62093E59ED3A}.Release|x86.ActiveCfg = Release|Win32
		{7493613E-05D1-4CE7-B1D4-62093E59ED3A}.Release|x86.Build.0 = Release|Win32
		{64FAF41C-AA07-4DAE-ADD3-265E61DB5268}.Debug|x64.ActiveCfg = Debug|x64
		{64FAF41C-AA07-4DAE-ADD3-265E61DB5268}.Debug|x64.Build.0 = Debug|x64
		{64FAF41C-AA07-4DAE-ADD3-265E61DB5268}.Debug|x86.ActiveCfg = Debug|Win32
		{64FAF41C-AA07-4DAE-ADD3-265E61DB5268}.Debug|x86.Build.0 = Debug|Win32
		{64FAF41C-AA07-4DAE-ADD3-265E61DB5268}.Release|x64.ActiveCfg = Release|x64
		{64FAF41C-AA07-4DAE-ADD3-265E61DB5268}.Release|x64.Build.0 = Release|x64
		{64FAF41C-AA07-4DAE-ADD3-265E61DB5268}.Release|x86.ActiveCfg = Release|Win32
		{64FAF41C-AA07-4DAE-ADD3-265E61DB5268}.Release|x86.Build.0 = Release|Win32
		{ACAE0BFC-297D-44A3-AB5C-B295452DF134}.Debug|x64.ActiveCfg = Debug|x64
		{ACAE0BFC-297D-44A3-AB5C-B295452DF134}.Debug|x64.Build.0 = Debug|x64
		{ACAE0BFC-297D-44A3-AB5C-B295452DF134}.Debug|x86.ActiveCfg = Debug|Win32
		{ACAE0BFC-297D-44A3-AB5C-B295452DF134}.Debug|x86.Build.0 = Debug|Win32
		{ACAE0BFC-297D-44A3-AB5C-B295452DF134}.Release|x64.ActiveCfg = Release|x64
		{ACAE0BFC-297D-44A3-AB5C-B295452DF134}.Release|x64.Build.0 = Release|x64
		{ACAE0BFC-297D-44A3-AB5C-B295452DF134}.Release|x86.ActiveCfg = Release|Win32
		{ACAE0BFC-297D-44A3-AB5C-B295452DF134}.Release|x86.Build.0 = Release|Win32
		{38D3AE1B-A412-46C6-A712-5C79FE264F90}.Debug|x64.ActiveCfg = Debug|x64
		{38D3AE1B-A412-46C6-A712-5C79FE264F90}.Debug|x64.Build.0 = Debug|x64
		{38D3AE1B-A412-46C6-A712-5C79FE264F90}.Debug|x86.ActiveCfg = Debug|Win32
		{38D3AE1B-A412-46C6-A712-5C79FE264F90}.Debug|x86.Build.0 = Debug|Win32
		{38D3AE1B-A412-46C6-A712-5C79FE264F90}.Release|x64.ActiveCfg = Release|x64
		{38D3AE1B-A412-46C6-A712-5C79FE264F90}.Release|x64.Build.0 = Release|x64
		{38D3AE1B-A412-46C6-A712-5C79FE264F90}.Release|x86.ActiveCfg = Release|Win32
		{38D3AE1B-A412-46C6-A712-5C79FE264F90}.Release|x86.Build.0 = Release|Win32
		{853D72BE-9645-4D35-A2F1-066C11763ADA}.Debug|x64.ActiveCfg = Debug|x64
		{853D72BE-9645-4D35-A2F1-066C11763ADA}.Debug|x64.Build.0 = Debug|x64
		{853D72BE-9645-4D35-A2F1-066C11763ADA}.Debug|x86.ActiveCfg = Debug|Win32
		{853D72BE-9645-4D35-A2F1-066C11763ADA}.Debug|x86.Build.0 = Debug|Win32
		{853D72BE-9645-4D35-A2F1-066C11763ADA}.Release|x64.ActiveCfg = Release|x64
		{853D72BE-9645-4D35-A2F1-066C11763ADA}.Release|x64.Build.0 = Release|x64
		{853D72BE-9645-4D35-A2F1-066C11763ADA}.Release|x86.ActiveCfg = Release|Win32
		{853D72BE-9645-4D35-A2F1-066C11763ADA}.Release|x86.Build.0 = Release|Win32
		{F6EA8298-0FFB-4B45-A163-7E368A3707EB}.Debug|x64.ActiveCfg = Debug|x64
		{F6EA8298-0FFB-4B45-A163-7E368A3707EB}.Debug|x64.Build.0 = Debug|x64
		{F6EA8298-0FFB-4B45-A163-7E368A3707EB}.Debug|x86.ActiveCfg = Debug|Win32
		{F6EA8298-0FFB-4B45-A163-7E368A3707EB}.Debug|x86.Build.0 = Debug|Win32
		{F6EA8298-0FFB-4B45-A163-7E368A3707EB}.Release|x64.ActiveCfg = Release|x64
		{F6EA8298-0FFB-4B45-A163-7E368A3707EB}.Release|x64.Build.0 = Release|x64
		{F6EA8298-0FFB-4B45-A163-7E368A3707EB}.Release|x86.ActiveCfg = Release|Win32
		{F6EA8298-0FFB-4B45-A163-7E368A3707EB}.Release|x86.Build.0 = Release|Win32
		{27BC2D20-31DA-4719-879A-6408E8DAE5A0}.Debug|x64.ActiveCfg = Debug|x64
		{27BC2D20-31DA-4719-879A-6408E8DAE5A0}.Debug|x64.Build.0 = Debug|x64
		{27BC2D20-31DA-4719-879A-6408E8DAE5A0}.Debug|x86.ActiveCfg = Debug|Win32
		{27BC2D20-31DA-4719-879A-6408E8DAE5A0}.Debug|x86.Build.0 = Debug|Win32
		{27BC2D20-31DA-4719-879A-6408E8DAE5A0}.Release|x64.ActiveCfg = Release|x64
		{27BC2D20-31DA-4719-879A-6408E8DAE5A0}.Release|x64.Build.0 = Release|x64
		{27BC2D20-31DA-4719-879A-6408E8DAE5A0}.Release|x86.ActiveCfg = Release|Win32
		{27BC2D20-31DA-4719-879A-6408E8DAE5A0}.Release|x86.Build.0 = Release|Win32
		{93C6ED55-B28E-4D6E-AAFB-67EAF563D864}.Debug|x64.ActiveCfg = Debug|x64
		{93C6ED55-B28E-4D6E-AAFB-67EAF563D864}.Debug|x64.Build.0 = Debug|x64
		{93C6ED55-B28E-4D6E-AAFB-67EAF563D864}.Debug|x86.ActiveCfg = Debug|Win32
		{93C6ED55-B28E-4D6E-AAFB-67EAF563D864}.Debug|x86.Build.0 = Debug|Win32
		{93C6ED55-B28E-4D6E-AAFB-67EAF563D864}.Release|x64.ActiveCfg = Release|x64
		{93C6ED55-B28E-4D6E-AAFB-67EAF563D864}.Release|x64.Build.0 = Release|x64
		{93C6ED55-B28E-4D6E-AAFB-67EAF563D864}.Release|x86.ActiveCfg = Release|Win32
		{93C6ED55-B28E-4D6E-AAFB-67EAF563D864}.Release|x86.Build.0 = Release|Win32
	EndGlobalSection
	GlobalSection(SolutionProperties) = preSolution
		HideSolutionNode = FALSE
	EndGlobalSection
	GlobalSection(NestedProjects) = preSolution
		{87EBB90E-FCF1-4BA7-87D3-7DD7D7B9B745} = {9036DFE0-C3AE-488F-8044-CD820748CF9B}
		{45CE79E1-ED86-4570-BF7E-5C28D27515E3} = {9036DFE0-C3AE-488F-8044-CD820748CF9B}
		{A4F2F107-E69B-4277-BA77-E77599150967} = {9036DFE0-C3AE-488F-8044-CD820748CF9B}
		{7BB53BED-D478-4EA5-90C0-B2EC978BD6EE} = {9036DFE0-C3AE-488F-8044-CD820748CF9B}
		{8F66CE1D-A562-458E-9502-4DDD75BD7E6A} = {B3BDA781-EA9D-404C-B03F-2E48E2902F3C}
		{99978B88-4169-417E-BA59-5489355E652A} = {B3BDA781-EA9D-404C-B03F-2E48E2902F3C}
		{AA0882AB-DDDE-43FC-993C-09BA2807DD4E} = {B3BDA781-EA9D-404C-B03F-2E48E2902F3C}
		{E9E6B094-1FE7-4C28-BADD-8DEAEB05772A} = {0035A30F-2694-4EF1-9121-FF177CFFA1F0}
		{EC879989-1A27-452A-A199-70D0E0F6D039} = {0035A30F-2694-4EF1-9121-FF177CFFA1F0}
		{4929AB3F-A7C2-4811-92B7-1FCBF81DA390} = {9036DFE0-C3AE-488F-8044-CD820748CF9B}
		{0C8C56D5-8801-418D-87E7-E59D45DBABF0} = {9036DFE0-C3AE-488F-8044-CD820748CF9B}
		{2C17F0F2-5628-4595-8CD8-8201FAECEB72} = {9036DFE0-C3AE-488F-8044-CD820748CF9B}
		{4FA9DC7B-77E0-4A8D-B798-CB3A79B68EDE} = {9036DFE0-C3AE-488F-8044-CD820748CF9B}
		{30419338-4BD3-415C-A7DD-DF9D10BDA535} = {9036DFE0-C3AE-488F-8044-CD820748CF9B}
		{7493613E-05D1-4CE7-B1D4-62093E59ED3A} = {9036DFE0-C3AE-488F-8044-CD820748CF9B}
		{64FAF41C-AA07-4DAE-ADD3-265E61DB5268} = {9036DFE0-C3AE-488F-8044-CD820748CF9B}
		{ACAE0BFC-297D-44A3-AB5C-B295452DF134} = {9036DFE0-C3AE-488F-8044-CD820748CF9B}
		{38D3AE1B-A412-46C6-A712-5C79FE264F90} = {9036DFE0-C3AE-488F-8044-CD820748CF9B}
		{853D72BE-9645-4D35-A2F1-066C11763ADA} = {9036DFE0-C3AE-488F-8044-CD820748CF9B}
		{F6EA8298-0FFB-4B45-A163-7E368A3707EB} = {9036DFE0-C3AE-488F-8044-CD820748CF9B}
		{27BC2D20-31DA-4719-879A-6408E8DAE5A0} = {9036DFE0-C3AE-488F-8044-CD820748CF9B}
		{93C6ED55-B28E-4D6E-AAFB-67EAF563D864} = {0035A30F-2694-4EF1-9121-FF177CFFA1F0}
	EndGlobalSection
EndGlobal
