
Microsoft Visual Studio Solution File, Format Version 12.00
# Visual Studio 14
VisualStudioVersion = 14.0.25420.1
MinimumVisualStudioVersion = 10.0.40219.1
Project("{2150E333-8FDC-42A3-9474-1A3956D46DE8}") = "GCJ_2017", "GCJ_2017", "{9036DFE0-C3AE-488F-8044-CD820748CF9B}"
EndProject
Project("{2150E333-8FDC-42A3-9474-1A3956D46DE8}") = "GCJ_2016", "GCJ_2016", "{0035A30F-2694-4EF1-9121-FF177CFFA1F0}"
EndProject
Project("{8BC9CEB8-8B4A-11D0-8D11-00A0C91BC942}") = "GCJ_2017_QR_A", "GCJ_2017_QR_A\GCJ_2017_QR_A.vcxproj", "{87EBB90E-FCF1-4BA7-87D3-7DD7D7B9B745}"
EndProject
Project("{8BC9CEB8-8B4A-11D0-8D11-00A0C91BC942}") = "GCJ_2017_QR_B", "GCJ_2017_QR_B\GCJ_2017_QR_B.vcxproj", "{45CE79E1-ED86-4570-BF7E-5C28D27515E3}"
EndProject
Project("{8BC9CEB8-8B4A-11D0-8D11-00A0C91BC942}") = "GCJ_2017_QR_C", "GCJ_2017_QR_C\GCJ_2017_QR_C.vcxproj", "{A4F2F107-E69B-4277-BA77-E77599150967}"
EndProject
Project("{8BC9CEB8-8B4A-11D0-8D11-00A0C91BC942}") = "GCJ_2017_QR_D", "GCJ_2017_QR_D\GCJ_2017_QR_D.vcxproj", "{7BB53BED-D478-4EA5-90C0-B2EC978BD6EE}"
EndProject
Project("{2150E333-8FDC-42A3-9474-1A3956D46DE8}") = "GCJ_2015", "GCJ_2015", "{B3BDA781-EA9D-404C-B03F-2E48E2902F3C}"
EndProject
Project("{8BC9CEB8-8B4A-11D0-8D11-00A0C91BC942}") = "GCJ_2015_1A_A", "GCJ_2015_1A_A\GCJ_2015_1A_A.vcxproj", "{8F66CE1D-A562-458E-9502-4DDD75BD7E6A}"
EndProject
Global
	GlobalSection(SolutionConfigurationPlatforms) = preSolution
		Debug|x64 = Debug|x64
		Debug|x86 = Debug|x86
		Release|x64 = Release|x64
		Release|x86 = Release|x86
	EndGlobalSection
	GlobalSection(ProjectConfigurationPlatforms) = postSolution
		{87EBB90E-FCF1-4BA7-87D3-7DD7D7B9B745}.Debug|x64.ActiveCfg = Debug|x64
		{87EBB90E-FCF1-4BA7-87D3-7DD7D7B9B745}.Debug|x64.Build.0 = Debug|x64
		{87EBB90E-FCF1-4BA7-87D3-7DD7D7B9B745}.Debug|x86.ActiveCfg = Debug|Win32
		{87EBB90E-FCF1-4BA7-87D3-7DD7D7B9B745}.Debug|x86.Build.0 = Debug|Win32
		{87EBB90E-FCF1-4BA7-87D3-7DD7D7B9B745}.Release|x64.ActiveCfg = Release|x64
		{87EBB90E-FCF1-4BA7-87D3-7DD7D7B9B745}.Release|x64.Build.0 = Release|x64
		{87EBB90E-FCF1-4BA7-87D3-7DD7D7B9B745}.Release|x86.ActiveCfg = Release|Win32
		{87EBB90E-FCF1-4BA7-87D3-7DD7D7B9B745}.Release|x86.Build.0 = Release|Win32
		{45CE79E1-ED86-4570-BF7E-5C28D27515E3}.Debug|x64.ActiveCfg = Debug|x64
		{45CE79E1-ED86-4570-BF7E-5C28D27515E3}.Debug|x64.Build.0 = Debug|x64
		{45CE79E1-ED86-4570-BF7E-5C28D27515E3}.Debug|x86.ActiveCfg = Debug|Win32
		{45CE79E1-ED86-4570-BF7E-5C28D27515E3}.Debug|x86.Build.0 = Debug|Win32
		{45CE79E1-ED86-4570-BF7E-5C28D27515E3}.Release|x64.ActiveCfg = Release|x64
		{45CE79E1-ED86-4570-BF7E-5C28D27515E3}.Release|x64.Build.0 = Release|x64
		{45CE79E1-ED86-4570-BF7E-5C28D27515E3}.Release|x86.ActiveCfg = Release|Win32
		{45CE79E1-ED86-4570-BF7E-5C28D27515E3}.Release|x86.Build.0 = Release|Win32
		{A4F2F107-E69B-4277-BA77-E77599150967}.Debug|x64.ActiveCfg = Debug|x64
		{A4F2F107-E69B-4277-BA77-E77599150967}.Debug|x64.Build.0 = Debug|x64
		{A4F2F107-E69B-4277-BA77-E77599150967}.Debug|x86.ActiveCfg = Debug|Win32
		{A4F2F107-E69B-4277-BA77-E77599150967}.Debug|x86.Build.0 = Debug|Win32
		{A4F2F107-E69B-4277-BA77-E77599150967}.Release|x64.ActiveCfg = Release|x64
		{A4F2F107-E69B-4277-BA77-E77599150967}.Release|x64.Build.0 = Release|x64
		{A4F2F107-E69B-4277-BA77-E77599150967}.Release|x86.ActiveCfg = Release|Win32
		{A4F2F107-E69B-4277-BA77-E77599150967}.Release|x86.Build.0 = Release|Win32
		{7BB53BED-D478-4EA5-90C0-B2EC978BD6EE}.Debug|x64.ActiveCfg = Debug|x64
		{7BB53BED-D478-4EA5-90C0-B2EC978BD6EE}.Debug|x64.Build.0 = Debug|x64
		{7BB53BED-D478-4EA5-90C0-B2EC978BD6EE}.Debug|x86.ActiveCfg = Debug|Win32
		{7BB53BED-D478-4EA5-90C0-B2EC978BD6EE}.Debug|x86.Build.0 = Debug|Win32
		{7BB53BED-D478-4EA5-90C0-B2EC978BD6EE}.Release|x64.ActiveCfg = Release|x64
		{7BB53BED-D478-4EA5-90C0-B2EC978BD6EE}.Release|x64.Build.0 = Release|x64
		{7BB53BED-D478-4EA5-90C0-B2EC978BD6EE}.Release|x86.ActiveCfg = Release|Win32
		{7BB53BED-D478-4EA5-90C0-B2EC978BD6EE}.Release|x86.Build.0 = Release|Win32
		{8F66CE1D-A562-458E-9502-4DDD75BD7E6A}.Debug|x64.ActiveCfg = Debug|x64
		{8F66CE1D-A562-458E-9502-4DDD75BD7E6A}.Debug|x64.Build.0 = Debug|x64
		{8F66CE1D-A562-458E-9502-4DDD75BD7E6A}.Debug|x86.ActiveCfg = Debug|Win32
		{8F66CE1D-A562-458E-9502-4DDD75BD7E6A}.Debug|x86.Build.0 = Debug|Win32
		{8F66CE1D-A562-458E-9502-4DDD75BD7E6A}.Release|x64.ActiveCfg = Release|x64
		{8F66CE1D-A562-458E-9502-4DDD75BD7E6A}.Release|x64.Build.0 = Release|x64
		{8F66CE1D-A562-458E-9502-4DDD75BD7E6A}.Release|x86.ActiveCfg = Release|Win32
		{8F66CE1D-A562-458E-9502-4DDD75BD7E6A}.Release|x86.Build.0 = Release|Win32
	EndGlobalSection
	GlobalSection(SolutionProperties) = preSolution
		HideSolutionNode = FALSE
	EndGlobalSection
	GlobalSection(NestedProjects) = preSolution
		{87EBB90E-FCF1-4BA7-87D3-7DD7D7B9B745} = {9036DFE0-C3AE-488F-8044-CD820748CF9B}
		{45CE79E1-ED86-4570-BF7E-5C28D27515E3} = {9036DFE0-C3AE-488F-8044-CD820748CF9B}
		{A4F2F107-E69B-4277-BA77-E77599150967} = {9036DFE0-C3AE-488F-8044-CD820748CF9B}
		{7BB53BED-D478-4EA5-90C0-B2EC978BD6EE} = {9036DFE0-C3AE-488F-8044-CD820748CF9B}
		{8F66CE1D-A562-458E-9502-4DDD75BD7E6A} = {B3BDA781-EA9D-404C-B03F-2E48E2902F3C}
	EndGlobalSection
EndGlobal
